<?xml version="1.0" encoding="UTF-8" standalone="yes" ?>
<CodeBlocks_project_file>
	<FileVersion major="1" minor="6" />
	<Project>
		<Option title="SFMLnake" />
		<Option pch_mode="2" />
		<Option compiler="gcc" />
		<Build>
			<Target title="Debug">
				<Option output="bin/Debug/SFMLnake" prefix_auto="1" extension_auto="1" />
				<Option object_output="obj/Debug/" />
				<Option type="1" />
				<Option compiler="gcc" />
				<Compiler>
					<Add option="-std=c++11" />
					<Add option="-g" />
					<Add directory="C:/Users/Paweł Worwa/Desktop/SFMLnake/include" />
					<Add directory="include" />
					<Add directory="include/States" />
				</Compiler>
				<Linker>
					<Add library="sfml-graphics-d" />
					<Add library="sfml-window-d" />
					<Add library="sfml-system-d" />
					<Add library="sfml-audio-d" />
				</Linker>
			</Target>
			<Target title="Release">
				<Option output="bin/Release/SFMLnake" prefix_auto="1" extension_auto="1" />
				<Option object_output="obj/Release/" />
				<Option type="0" />
				<Option compiler="gcc" />
				<Compiler>
					<Add option="-O2" />
					<Add option="-std=c++11" />
					<Add directory="C:/Users/Paweł Worwa/Desktop/SFMLnake/include" />
					<Add directory="include" />
					<Add directory="include/States" />
				</Compiler>
				<Linker>
					<Add option="-s" />
					<Add library="sfml-graphics" />
					<Add library="sfml-window" />
					<Add library="sfml-system" />
					<Add library="sfml-audio" />
				</Linker>
			</Target>
		</Build>
		<Compiler>
			<Add option="-DSFML_STATIC" />
			<Add option="-Wall" />
			<Add directory="C:/00_SFML/SFML/include" />
		</Compiler>
		<Linker>
			<Add library="mingw32" />
			<Add library="user32" />
			<Add library="gdi32" />
			<Add library="winmm" />
			<Add library="dxguid" />
			<Add directory="C:/00_SFML/SFML/lib" />
		</Linker>
		<Unit filename="include/Managment/color.hpp" />
		<Unit filename="include/Managment/font.hpp" />
		<Unit filename="include/Managment/resourceManager.hpp" />
		<Unit filename="include/Managment/sound.hpp" />
		<Unit filename="include/Managment/texture.hpp" />
		<Unit filename="include/States/buttonState.hpp" />
		<Unit filename="include/States/gameState.hpp" />
		<Unit filename="include/States/stateIntroSFML.hpp" />
		<Unit filename="include/States/stateMainGame.hpp" />
		<Unit filename="include/States/stateMainMenu.hpp" />
		<Unit filename="include/engine.hpp" />
		<Unit filename="include/field.hpp" />
		<Unit filename="include/game.hpp" />
		<Unit filename="include/gameSprites.hpp" />
		<Unit filename="include/menuButton.hpp" />
		<Unit filename="include/spriteType.hpp" />
		<Unit filename="main.cpp" />
		<Unit filename="src/Field.cpp" />
		<Unit filename="src/Managment/color.cpp" />
		<Unit filename="src/Managment/font.cpp" />
		<Unit filename="src/Managment/resourceManager.cpp" />
		<Unit filename="src/Managment/sound.cpp" />
		<Unit filename="src/Managment/texture.cpp" />
		<Unit filename="src/States/stateIntroSFML.cpp" />
		<Unit filename="src/States/stateMainGame.cpp" />
		<Unit filename="src/States/stateMainMenu.cpp" />
		<Unit filename="src/engine.cpp" />
		<Unit filename="src/game.cpp" />
		<Unit filename="src/gameSprites.cpp" />
		<Unit filename="src/menuButton.cpp" />
		<Extensions>
			<code_completion />
			<envvars />
			<debugger />
			<lib_finder disable_auto="1" />
		</Extensions>
	</Project>
</CodeBlocks_project_file>
